
Microsoft Visual Studio Solution File, Format Version 12.00
# Visual Studio 14
VisualStudioVersion = 14.0.25420.1
MinimumVisualStudioVersion = 10.0.40219.1
Project("{8BC9CEB8-8B4A-11D0-8D11-00A0C91BC942}") = "serial", "serial\serial.vcxproj", "{A8517FB2-C74E-43BD-B3C6-B05D3FC11ECD}"
EndProject
Project("{8BC9CEB8-8B4A-11D0-8D11-00A0C91BC942}") = "test_serial", "test_serial\test_serial.vcxproj", "{92EE7E58-C737-41F9-B795-9B6ACF6AB0B8}"
EndProject
Project("{8BC9CEB8-8B4A-11D0-8D11-00A0C91BC942}") = "dmm", "dmm\dmm.vcxproj", "{36D266E4-7F62-4ECF-9BAE-30EE0E348089}"
	ProjectSection(ProjectDependencies) = postProject
		{A8517FB2-C74E-43BD-B3C6-B05D3FC11ECD} = {A8517FB2-C74E-43BD-B3C6-B05D3FC11ECD}
	EndProjectSection
EndProject
Project("{8BC9CEB8-8B4A-11D0-8D11-00A0C91BC942}") = "testbench_template", "testbench\testbench.vcxproj", "{C4E84976-84EF-4BD3-A3E2-90DD53B08CB7}"
EndProject
Project("{8BC9CEB8-8B4A-11D0-8D11-00A0C91BC942}") = "testbench_backlash", "testbench_backlash\testbench_backlash.vcxproj", "{61C9E589-62CE-4344-B3CA-C631A3B21351}"
EndProject
Project("{8BC9CEB8-8B4A-11D0-8D11-00A0C91BC942}") = "testbench_precision", "testbench_precision\testbench_precision.vcxproj", "{50795829-AA53-439E-98A5-83C5678E1AB1}"
EndProject
Project("{8BC9CEB8-8B4A-11D0-8D11-00A0C91BC942}") = "testbench_frequency", "testbench_frequency\testbench_frequency.vcxproj", "{3CEFC39A-BF54-4F43-8037-E66DA8BF7FE3}"
EndProject
Project("{8BC9CEB8-8B4A-11D0-8D11-00A0C91BC942}") = "testbench_control", "testbench_control\testbench_control.vcxproj", "{CD708278-6312-4E4C-87E4-E8219CF3CC86}"
EndProject
Global
	GlobalSection(SolutionConfigurationPlatforms) = preSolution
		Debug with Boost|Win32 = Debug with Boost|Win32
		Debug with Boost|x64 = Debug with Boost|x64
		Debug|Win32 = Debug|Win32
		Debug|x64 = Debug|x64
		Release with Boost|Win32 = Release with Boost|Win32
		Release with Boost|x64 = Release with Boost|x64
		Release|Win32 = Release|Win32
		Release|x64 = Release|x64
	EndGlobalSection
	GlobalSection(ProjectConfigurationPlatforms) = postSolution
		{A8517FB2-C74E-43BD-B3C6-B05D3FC11ECD}.Debug with Boost|Win32.ActiveCfg = Debug|Win32
		{A8517FB2-C74E-43BD-B3C6-B05D3FC11ECD}.Debug with Boost|Win32.Build.0 = Debug|Win32
		{A8517FB2-C74E-43BD-B3C6-B05D3FC11ECD}.Debug with Boost|x64.ActiveCfg = Debug|x64
		{A8517FB2-C74E-43BD-B3C6-B05D3FC11ECD}.Debug with Boost|x64.Build.0 = Debug|x64
		{A8517FB2-C74E-43BD-B3C6-B05D3FC11ECD}.Debug|Win32.ActiveCfg = Debug|Win32
		{A8517FB2-C74E-43BD-B3C6-B05D3FC11ECD}.Debug|Win32.Build.0 = Debug|Win32
		{A8517FB2-C74E-43BD-B3C6-B05D3FC11ECD}.Debug|x64.ActiveCfg = Debug|x64
		{A8517FB2-C74E-43BD-B3C6-B05D3FC11ECD}.Debug|x64.Build.0 = Debug|x64
		{A8517FB2-C74E-43BD-B3C6-B05D3FC11ECD}.Release with Boost|Win32.ActiveCfg = Release|Win32
		{A8517FB2-C74E-43BD-B3C6-B05D3FC11ECD}.Release with Boost|Win32.Build.0 = Release|Win32
		{A8517FB2-C74E-43BD-B3C6-B05D3FC11ECD}.Release with Boost|x64.ActiveCfg = Release|x64
		{A8517FB2-C74E-43BD-B3C6-B05D3FC11ECD}.Release with Boost|x64.Build.0 = Release|x64
		{A8517FB2-C74E-43BD-B3C6-B05D3FC11ECD}.Release|Win32.ActiveCfg = Release|Win32
		{A8517FB2-C74E-43BD-B3C6-B05D3FC11ECD}.Release|Win32.Build.0 = Release|Win32
		{A8517FB2-C74E-43BD-B3C6-B05D3FC11ECD}.Release|x64.ActiveCfg = Release|x64
		{A8517FB2-C74E-43BD-B3C6-B05D3FC11ECD}.Release|x64.Build.0 = Release|x64
		{92EE7E58-C737-41F9-B795-9B6ACF6AB0B8}.Debug with Boost|Win32.ActiveCfg = Debug|Win32
		{92EE7E58-C737-41F9-B795-9B6ACF6AB0B8}.Debug with Boost|x64.ActiveCfg = Debug|x64
		{92EE7E58-C737-41F9-B795-9B6ACF6AB0B8}.Debug|Win32.ActiveCfg = Debug|Win32
		{92EE7E58-C737-41F9-B795-9B6ACF6AB0B8}.Debug|Win32.Build.0 = Debug|Win32
		{92EE7E58-C737-41F9-B795-9B6ACF6AB0B8}.Debug|x64.ActiveCfg = Debug|x64
		{92EE7E58-C737-41F9-B795-9B6ACF6AB0B8}.Debug|x64.Build.0 = Debug|x64
		{92EE7E58-C737-41F9-B795-9B6ACF6AB0B8}.Release with Boost|Win32.ActiveCfg = Release|Win32
		{92EE7E58-C737-41F9-B795-9B6ACF6AB0B8}.Release with Boost|x64.ActiveCfg = Release|x64
		{92EE7E58-C737-41F9-B795-9B6ACF6AB0B8}.Release|Win32.ActiveCfg = Release|Win32
		{92EE7E58-C737-41F9-B795-9B6ACF6AB0B8}.Release|Win32.Build.0 = Release|Win32
		{92EE7E58-C737-41F9-B795-9B6ACF6AB0B8}.Release|x64.ActiveCfg = Release|x64
		{92EE7E58-C737-41F9-B795-9B6ACF6AB0B8}.Release|x64.Build.0 = Release|x64
		{36D266E4-7F62-4ECF-9BAE-30EE0E348089}.Debug with Boost|Win32.ActiveCfg = Debug|Win32
		{36D266E4-7F62-4ECF-9BAE-30EE0E348089}.Debug with Boost|Win32.Build.0 = Debug|Win32
		{36D266E4-7F62-4ECF-9BAE-30EE0E348089}.Debug with Boost|x64.ActiveCfg = Debug|x64
		{36D266E4-7F62-4ECF-9BAE-30EE0E348089}.Debug with Boost|x64.Build.0 = Debug|x64
		{36D266E4-7F62-4ECF-9BAE-30EE0E348089}.Debug|Win32.ActiveCfg = Debug|Win32
		{36D266E4-7F62-4ECF-9BAE-30EE0E348089}.Debug|Win32.Build.0 = Debug|Win32
		{36D266E4-7F62-4ECF-9BAE-30EE0E348089}.Debug|x64.ActiveCfg = Debug|x64
		{36D266E4-7F62-4ECF-9BAE-30EE0E348089}.Debug|x64.Build.0 = Debug|x64
		{36D266E4-7F62-4ECF-9BAE-30EE0E348089}.Release with Boost|Win32.ActiveCfg = Release|Win32
		{36D266E4-7F62-4ECF-9BAE-30EE0E348089}.Release with Boost|Win32.Build.0 = Release|Win32
		{36D266E4-7F62-4ECF-9BAE-30EE0E348089}.Release with Boost|x64.ActiveCfg = Release|x64
		{36D266E4-7F62-4ECF-9BAE-30EE0E348089}.Release with Boost|x64.Build.0 = Release|x64
		{36D266E4-7F62-4ECF-9BAE-30EE0E348089}.Release|Win32.ActiveCfg = Release|Win32
		{36D266E4-7F62-4ECF-9BAE-30EE0E348089}.Release|Win32.Build.0 = Release|Win32
		{36D266E4-7F62-4ECF-9BAE-30EE0E348089}.Release|x64.ActiveCfg = Release|x64
		{36D266E4-7F62-4ECF-9BAE-30EE0E348089}.Release|x64.Build.0 = Release|x64
		{C4E84976-84EF-4BD3-A3E2-90DD53B08CB7}.Debug with Boost|Win32.ActiveCfg = Debug|Win32
		{C4E84976-84EF-4BD3-A3E2-90DD53B08CB7}.Debug with Boost|Win32.Build.0 = Debug|Win32
		{C4E84976-84EF-4BD3-A3E2-90DD53B08CB7}.Debug with Boost|x64.ActiveCfg = Debug|x64
		{C4E84976-84EF-4BD3-A3E2-90DD53B08CB7}.Debug with Boost|x64.Build.0 = Debug|x64
		{C4E84976-84EF-4BD3-A3E2-90DD53B08CB7}.Debug|Win32.ActiveCfg = Debug|Win32
		{C4E84976-84EF-4BD3-A3E2-90DD53B08CB7}.Debug|Win32.Build.0 = Debug|Win32
		{C4E84976-84EF-4BD3-A3E2-90DD53B08CB7}.Debug|x64.ActiveCfg = Debug|x64
		{C4E84976-84EF-4BD3-A3E2-90DD53B08CB7}.Debug|x64.Build.0 = Debug|x64
		{C4E84976-84EF-4BD3-A3E2-90DD53B08CB7}.Release with Boost|Win32.ActiveCfg = Release|Win32
		{C4E84976-84EF-4BD3-A3E2-90DD53B08CB7}.Release with Boost|Win32.Build.0 = Release|Win32
		{C4E84976-84EF-4BD3-A3E2-90DD53B08CB7}.Release with Boost|x64.ActiveCfg = Release|x64
		{C4E84976-84EF-4BD3-A3E2-90DD53B08CB7}.Release with Boost|x64.Build.0 = Release|x64
		{C4E84976-84EF-4BD3-A3E2-90DD53B08CB7}.Release|Win32.ActiveCfg = Release|Win32
		{C4E84976-84EF-4BD3-A3E2-90DD53B08CB7}.Release|Win32.Build.0 = Release|Win32
		{C4E84976-84EF-4BD3-A3E2-90DD53B08CB7}.Release|x64.ActiveCfg = Release|x64
		{C4E84976-84EF-4BD3-A3E2-90DD53B08CB7}.Release|x64.Build.0 = Release|x64
		{61C9E589-62CE-4344-B3CA-C631A3B21351}.Debug with Boost|Win32.ActiveCfg = Debug|Win32
		{61C9E589-62CE-4344-B3CA-C631A3B21351}.Debug with Boost|Win32.Build.0 = Debug|Win32
		{61C9E589-62CE-4344-B3CA-C631A3B21351}.Debug with Boost|x64.ActiveCfg = Debug|x64
		{61C9E589-62CE-4344-B3CA-C631A3B21351}.Debug with Boost|x64.Build.0 = Debug|x64
		{61C9E589-62CE-4344-B3CA-C631A3B21351}.Debug|Win32.ActiveCfg = Debug|Win32
		{61C9E589-62CE-4344-B3CA-C631A3B21351}.Debug|Win32.Build.0 = Debug|Win32
		{61C9E589-62CE-4344-B3CA-C631A3B21351}.Debug|x64.ActiveCfg = Debug|x64
		{61C9E589-62CE-4344-B3CA-C631A3B21351}.Debug|x64.Build.0 = Debug|x64
		{61C9E589-62CE-4344-B3CA-C631A3B21351}.Release with Boost|Win32.ActiveCfg = Release|Win32
		{61C9E589-62CE-4344-B3CA-C631A3B21351}.Release with Boost|Win32.Build.0 = Release|Win32
		{61C9E589-62CE-4344-B3CA-C631A3B21351}.Release with Boost|x64.ActiveCfg = Release|x64
		{61C9E589-62CE-4344-B3CA-C631A3B21351}.Release with Boost|x64.Build.0 = Release|x64
		{61C9E589-62CE-4344-B3CA-C631A3B21351}.Release|Win32.ActiveCfg = Release|Win32
		{61C9E589-62CE-4344-B3CA-C631A3B21351}.Release|Win32.Build.0 = Release|Win32
		{61C9E589-62CE-4344-B3CA-C631A3B21351}.Release|x64.ActiveCfg = Release|x64
		{61C9E589-62CE-4344-B3CA-C631A3B21351}.Release|x64.Build.0 = Release|x64
		{50795829-AA53-439E-98A5-83C5678E1AB1}.Debug with Boost|Win32.ActiveCfg = Debug|Win32
		{50795829-AA53-439E-98A5-83C5678E1AB1}.Debug with Boost|Win32.Build.0 = Debug|Win32
		{50795829-AA53-439E-98A5-83C5678E1AB1}.Debug with Boost|x64.ActiveCfg = Debug|x64
		{50795829-AA53-439E-98A5-83C5678E1AB1}.Debug with Boost|x64.Build.0 = Debug|x64
		{50795829-AA53-439E-98A5-83C5678E1AB1}.Debug|Win32.ActiveCfg = Debug|Win32
		{50795829-AA53-439E-98A5-83C5678E1AB1}.Debug|Win32.Build.0 = Debug|Win32
		{50795829-AA53-439E-98A5-83C5678E1AB1}.Debug|x64.ActiveCfg = Debug|x64
		{50795829-AA53-439E-98A5-83C5678E1AB1}.Debug|x64.Build.0 = Debug|x64
		{50795829-AA53-439E-98A5-83C5678E1AB1}.Release with Boost|Win32.ActiveCfg = Release|Win32
		{50795829-AA53-439E-98A5-83C5678E1AB1}.Release with Boost|Win32.Build.0 = Release|Win32
		{50795829-AA53-439E-98A5-83C5678E1AB1}.Release with Boost|x64.ActiveCfg = Release|x64
		{50795829-AA53-439E-98A5-83C5678E1AB1}.Release with Boost|x64.Build.0 = Release|x64
		{50795829-AA53-439E-98A5-83C5678E1AB1}.Release|Win32.ActiveCfg = Release|Win32
		{50795829-AA53-439E-98A5-83C5678E1AB1}.Release|Win32.Build.0 = Release|Win32
		{50795829-AA53-439E-98A5-83C5678E1AB1}.Release|x64.ActiveCfg = Release|x64
		{50795829-AA53-439E-98A5-83C5678E1AB1}.Release|x64.Build.0 = Release|x64
		{3CEFC39A-BF54-4F43-8037-E66DA8BF7FE3}.Debug with Boost|Win32.ActiveCfg = Debug|Win32
		{3CEFC39A-BF54-4F43-8037-E66DA8BF7FE3}.Debug with Boost|Win32.Build.0 = Debug|Win32
		{3CEFC39A-BF54-4F43-8037-E66DA8BF7FE3}.Debug with Boost|x64.ActiveCfg = Debug|x64
		{3CEFC39A-BF54-4F43-8037-E66DA8BF7FE3}.Debug with Boost|x64.Build.0 = Debug|x64
		{3CEFC39A-BF54-4F43-8037-E66DA8BF7FE3}.Debug|Win32.ActiveCfg = Debug|Win32
		{3CEFC39A-BF54-4F43-8037-E66DA8BF7FE3}.Debug|Win32.Build.0 = Debug|Win32
		{3CEFC39A-BF54-4F43-8037-E66DA8BF7FE3}.Debug|x64.ActiveCfg = Debug|x64
		{3CEFC39A-BF54-4F43-8037-E66DA8BF7FE3}.Debug|x64.Build.0 = Debug|x64
		{3CEFC39A-BF54-4F43-8037-E66DA8BF7FE3}.Release with Boost|Win32.ActiveCfg = Release|Win32
		{3CEFC39A-BF54-4F43-8037-E66DA8BF7FE3}.Release with Boost|Win32.Build.0 = Release|Win32
		{3CEFC39A-BF54-4F43-8037-E66DA8BF7FE3}.Release with Boost|x64.ActiveCfg = Release|x64
		{3CEFC39A-BF54-4F43-8037-E66DA8BF7FE3}.Release with Boost|x64.Build.0 = Release|x64
		{3CEFC39A-BF54-4F43-8037-E66DA8BF7FE3}.Release|Win32.ActiveCfg = Release|Win32
		{3CEFC39A-BF54-4F43-8037-E66DA8BF7FE3}.Release|Win32.Build.0 = Release|Win32
		{3CEFC39A-BF54-4F43-8037-E66DA8BF7FE3}.Release|x64.ActiveCfg = Release|x64
		{3CEFC39A-BF54-4F43-8037-E66DA8BF7FE3}.Release|x64.Build.0 = Release|x64
		{CD708278-6312-4E4C-87E4-E8219CF3CC86}.Debug with Boost|Win32.ActiveCfg = Debug|Win32
		{CD708278-6312-4E4C-87E4-E8219CF3CC86}.Debug with Boost|Win32.Build.0 = Debug|Win32
		{CD708278-6312-4E4C-87E4-E8219CF3CC86}.Debug with Boost|x64.ActiveCfg = Debug|x64
		{CD708278-6312-4E4C-87E4-E8219CF3CC86}.Debug with Boost|x64.Build.0 = Debug|x64
		{CD708278-6312-4E4C-87E4-E8219CF3CC86}.Debug|Win32.ActiveCfg = Debug|Win32
		{CD708278-6312-4E4C-87E4-E8219CF3CC86}.Debug|Win32.Build.0 = Debug|Win32
		{CD708278-6312-4E4C-87E4-E8219CF3CC86}.Debug|x64.ActiveCfg = Debug|x64
		{CD708278-6312-4E4C-87E4-E8219CF3CC86}.Debug|x64.Build.0 = Debug|x64
		{CD708278-6312-4E4C-87E4-E8219CF3CC86}.Release with Boost|Win32.ActiveCfg = Release|Win32
		{CD708278-6312-4E4C-87E4-E8219CF3CC86}.Release with Boost|Win32.Build.0 = Release|Win32
		{CD708278-6312-4E4C-87E4-E8219CF3CC86}.Release with Boost|x64.ActiveCfg = Release|x64
		{CD708278-6312-4E4C-87E4-E8219CF3CC86}.Release with Boost|x64.Build.0 = Release|x64
		{CD708278-6312-4E4C-87E4-E8219CF3CC86}.Release|Win32.ActiveCfg = Release|Win32
		{CD708278-6312-4E4C-87E4-E8219CF3CC86}.Release|Win32.Build.0 = Release|Win32
		{CD708278-6312-4E4C-87E4-E8219CF3CC86}.Release|x64.ActiveCfg = Release|x64
		{CD708278-6312-4E4C-87E4-E8219CF3CC86}.Release|x64.Build.0 = Release|x64
	EndGlobalSection
	GlobalSection(SolutionProperties) = preSolution
		HideSolutionNode = FALSE
	EndGlobalSection
EndGlobal
